
Microsoft Visual Studio Solution File, Format Version 12.00
# Visual Studio Version 17
VisualStudioVersion = 17.10.35027.167
MinimumVisualStudioVersion = 10.0.40219.1
Project("{9A19103F-16F7-4668-BE54-9A1E7A4F7556}") = "KeyPathWebApplication", "KeyPathWebApplication\KeyPathWebApplication.csproj", "{BA7ACF21-5DBC-4911-9CD3-AFEA0FEB3891}"
EndProject
Project("{FAE04EC0-301F-11D3-BF4B-00C04F79EFBC}") = "KeyPathFunctions", "KeyPathFunction\KeyPathFunctions.csproj", "{93B9953D-9E3A-4816-89A7-378F02E22515}"
EndProject
Global
	GlobalSection(SolutionConfigurationPlatforms) = preSolution
		Debug|Any CPU = Debug|Any CPU
		Release|Any CPU = Release|Any CPU
	EndGlobalSection
	GlobalSection(ProjectConfigurationPlatforms) = postSolution
		{BA7ACF21-5DBC-4911-9CD3-AFEA0FEB3891}.Debug|Any CPU.ActiveCfg = Debug|Any CPU
		{BA7ACF21-5DBC-4911-9CD3-AFEA0FEB3891}.Debug|Any CPU.Build.0 = Debug|Any CPU
		{BA7ACF21-5DBC-4911-9CD3-AFEA0FEB3891}.Release|Any CPU.ActiveCfg = Release|Any CPU
		{BA7ACF21-5DBC-4911-9CD3-AFEA0FEB3891}.Release|Any CPU.Build.0 = Release|Any CPU
		{93B9953D-9E3A-4816-89A7-378F02E22515}.Debug|Any CPU.ActiveCfg = Debug|Any CPU
		{93B9953D-9E3A-4816-89A7-378F02E22515}.Debug|Any CPU.Build.0 = Debug|Any CPU
		{93B9953D-9E3A-4816-89A7-378F02E22515}.Release|Any CPU.ActiveCfg = Release|Any CPU
		{93B9953D-9E3A-4816-89A7-378F02E22515}.Release|Any CPU.Build.0 = Release|Any CPU
	EndGlobalSection
	GlobalSection(SolutionProperties) = preSolution
		HideSolutionNode = FALSE
	EndGlobalSection
	GlobalSection(ExtensibilityGlobals) = postSolution
		SolutionGuid = {559804E6-D4C9-4B6B-8887-E0190B905D7D}
	EndGlobalSection
EndGlobal
